{
  "originHash" : "c0331a258997ed135f9993f34911ca87dbeaf96b2c1298c14811c60608f4087d",
  "pins" : [
    {
      "identity" : "arcuscore",
      "kind" : "remoteSourceControl",
      "location" : "https://github.com/justinrooks/ArcusCore.git",
      "state" : {
        "revision" : "ebd690e5b6e8b5157f2021befdf9aee9d29598ea",
        "version" : "0.3.5"
      }
    },
    {
      "identity" : "swiftyh3",
      "kind" : "remoteSourceControl",
      "location" : "https://github.com/pawelmajcher/SwiftyH3.git",
      "state" : {
        "revision" : "6d9b5774cc7cc198597b14aaccf213587947678c",
        "version" : "0.5.0"
      }
    }
  ],
  "version" : 3
}
