{
  "originHash" : "c0331a258997ed135f9993f34911ca87dbeaf96b2c1298c14811c60608f4087d",
  "pins" : [
    {
      "identity" : "arcuscore",
      "kind" : "remoteSourceControl",
      "location" : "https://github.com/justinrooks/ArcusCore.git",
      "state" : {
        "revision" : "1ec0ef828ea4dc40e76a576429f799c059183db7",
        "version" : "0.4.3"
      }
    },
    {
      "identity" : "swiftyh3",
      "kind" : "remoteSourceControl",
      "location" : "https://github.com/pawelmajcher/SwiftyH3.git",
      "state" : {
        "revision" : "6d9b5774cc7cc198597b14aaccf213587947678c",
        "version" : "0.5.0"
      }
    }
  ],
  "version" : 3
}
